version = 1
revision = 3
requires-python = ">=3.13"

[[package]]
name = "anyio"
version = "4.13.0"
source = { registry = "https://pypi.org/simple" }
dependencies = [
    { name = "idna" },
]
sdist = { url = "https://files.pythonhosted.org/packages/19/14/2c5dd9f512b66549ae92767a9c7b330ae88e1932ca57876909410251fe13/anyio-4.13.0.tar.gz", hash = "sha256:334b70e641fd2221c1505b3890c69882fe4a2df910cba14d97019b90b24439dc", size = 231622, upload-time = "2026-03-24T12:59:09.671Z" }
wheels = [
    { url = "https://files.pythonhosted.org/packages/da/42/e921fccf5015463e32a3cf6ee7f980a6ed0f395ceeaa45060b61d86486c2/anyio-4.13.0-py3-none-any.whl", hash = "sha256:08b310f9e24a9594186fd75b4f73f4a4152069e3853f1ed8bfbf58369f4ad708", size = 114353, upload-time = "2026-03-24T12:59:08.246Z" },
]

[[package]]
name = "certifi"
version = "2026.4.22"
source = { registry = "https://pypi.org/simple" }
sdist = { url = "https://files.pythonhosted.org/packages/25/ee/6caf7a40c36a1220410afe15a1cc64993a1f864871f698c0f93acb72842a/certifi-2026.4.22.tar.gz", hash = "sha256:8d455352a37b71bf76a79caa83a3d6c25afee4a385d632127b6afb3963f1c580", size = 137077, upload-time = "2026-04-22T11:26:11.191Z" }
wheels = [
    { url = "https://files.pythonhosted.org/packages/22/30/7cd8fdcdfbc5b869528b079bfb76dcdf6056b1a2097a662e5e8c04f42965/certifi-2026.4.22-py3-none-any.whl", hash = "sha256:3cb2210c8f88ba2318d29b0388d1023c8492ff72ecdde4ebdaddbb13a31b1c4a", size = 135707, upload-time = "2026-04-22T11:26:09.372Z" },
]

[[package]]
name = "colorama"
version = "0.4.6"
source = { registry = "https://pypi.org/simple" }
sdist = { url = "https://files.pythonhosted.org/packages/d8/53/6f443c9a4a8358a93a6792e2acffb9d9d5cb0a5cfd8802644b7b1c9a02e4/colorama-0.4.6.tar.gz", hash = "sha256:08695f5cb7ed6e0531a20572697297273c47b8cae5a63ffc6d6ed5c201be6e44", size = 27697, upload-time = "2022-10-25T02:36:22.414Z" }
wheels = [
    { url = "https://files.pythonhosted.org/packages/d1/d6/3965ed04c63042e047cb6a3e6ed1a63a35087b6a609aa3a15ed8ac56c221/colorama-0.4.6-py2.py3-none-any.whl", hash = "sha256:4f1d9991f5acc0ca119f9d443620b77f9d6b33703e51011c16baf57afb285fc6", size = 25335, upload-time = "2022-10-25T02:36:20.889Z" },
]

[[package]]
name = "greenlet"
version = "3.5.0"
source = { registry = "https://pypi.org/simple" }
sdist = { url = "https://files.pythonhosted.org/packages/3c/3f/dbf99fb14bfeb88c28f16729215478c0e265cacd6dc22270c8f31bb6892f/greenlet-3.5.0.tar.gz", hash = "sha256:d419647372241bc68e957bf38d5c1f98852155e4146bd1e4121adea81f4f01e4", size = 196995, upload-time = "2026-04-27T13:37:15.544Z" }
wheels = [
    { url = "https://files.pythonhosted.org/packages/0c/58/fc576f99037ce19c5aa16628e4c3226b6d1419f72a62c79f5f40576e6eb3/greenlet-3.5.0-cp313-cp313-macosx_11_0_universal2.whl", hash = "sha256:5a5ed18de6a0f6cc7087f1563f6bd93fc7df1c19165ca01e9bde5a5dc281d106", size = 285066, upload-time = "2026-04-27T12:23:05.033Z" },
    { url = "https://files.pythonhosted.org/packages/4a/ba/b28ddbe6bfad6a8ac196ef0e8cff37bc65b79735995b9e410923fffeeb70/greenlet-3.5.0-cp313-cp313-manylinux_2_24_aarch64.manylinux_2_28_aarch64.whl", hash = "sha256:3a717fbc46d8a354fa675f7c1e813485b6ba3885f9bef0cd56e5ba27d758ff5b", size = 604414, upload-time = "2026-04-27T12:52:42.358Z" },
    { url = "https://files.pythonhosted.org/packages/09/06/4b69f8f0b67603a8be2790e55107a190b376f2627fe0eaf5695d85ffb3cd/greenlet-3.5.0-cp313-cp313-manylinux_2_24_ppc64le.manylinux_2_28_ppc64le.whl", hash = "sha256:ddc090c5c1792b10246a78e8c2163ebbe04cf877f9d785c230a7b27b39ad038e", size = 617349, upload-time = "2026-04-27T12:59:43.32Z" },
    { url = "https://files.pythonhosted.org/packages/6a/15/a643b4ecd09969e30b8a150d5919960caae0abe4f5af75ab040b1ab85e78/greenlet-3.5.0-cp313-cp313-manylinux_2_24_s390x.manylinux_2_28_s390x.whl", hash = "sha256:4964101b8585c144cbda5532b1aa644255126c08a265dae90c16e7a0e63aaa9d", size = 623234, upload-time = "2026-04-27T13:02:40.611Z" },
    { url = "https://files.pythonhosted.org/packages/8a/17/a3918541fd0ddefe024a69de6d16aa7b46d36ac19562adaa63c7fa180eff/greenlet-3.5.0-cp313-cp313-manylinux_2_24_x86_64.manylinux_2_28_x86_64.whl", hash = "sha256:2094acd54b272cb6eae8c03dd87b3fa1820a4cef18d6889c378d503500a1dc13", size = 613927, upload-time = "2026-04-27T12:25:30.28Z" },
    { url = "https://files.pythonhosted.org/packages/77/18/3b13d5ef1275b0ffaf933b05efa21408ac4ca95823c7411d79682e4fdcff/greenlet-3.5.0-cp313-cp313-manylinux_2_39_riscv64.whl", hash = "sha256:7022615368890680e67b9965d33f5773aade330d5343bbe25560135aaa849eae", size = 425243, upload-time = "2026-04-27T13:05:15.689Z" },
    { url = "https://files.pythonhosted.org/packages/ee/e1/bd0af6213c7dd33175d8a462d4c1fe1175124ebed4855bc1475a5b5242c2/greenlet-3.5.0-cp313-cp313-musllinux_1_2_aarch64.whl", hash = "sha256:5e05ba267789ea87b5a155cf0e810b1ab88bf18e9e8740813945ceb8ee4350ba", size = 1570893, upload-time = "2026-04-27T12:53:29.483Z" },
    { url = "https://files.pythonhosted.org/packages/9b/2a/0789702f864f5382cb476b93d7a9c823c10472658102ccd65f415747d2e2/greenlet-3.5.0-cp313-cp313-musllinux_1_2_x86_64.whl", hash = "sha256:0ecec963079cd58cbd14723582384f11f166fd58883c15dcbfb342e0bc9b5846", size = 1636060, upload-time = "2026-04-27T12:25:28.845Z" },
    { url = "https://files.pythonhosted.org/packages/b2/8f/22bf9df92bbff0eb07842b60f7e63bf7675a9742df628437a9f02d09137f/greenlet-3.5.0-cp313-cp313-win_amd64.whl", hash = "sha256:728d9667d8f2f586644b748dbd9bb67e50d6a9381767d1357714ea6825bb3bf5", size = 238740, upload-time = "2026-04-27T12:24:01.341Z" },
    { url = "https://files.pythonhosted.org/packages/b6/b7/9c5c3d653bd4ff614277c049ac676422e2c557db47b4fe43e6313fc005dc/greenlet-3.5.0-cp313-cp313-win_arm64.whl", hash = "sha256:47422135b1d308c14b2c6e758beedb1acd33bb91679f5670edf77bf46244722b", size = 235525, upload-time = "2026-04-27T12:23:12.308Z" },
    { url = "https://files.pythonhosted.org/packages/94/5e/a70f31e3e8d961c4ce589c15b28e4225d63704e431a23932a3808cbcc867/greenlet-3.5.0-cp314-cp314-macosx_11_0_universal2.whl", hash = "sha256:f35807464c4c58c55f0d31dfa83c541a5615d825c2fe3d2b95360cf7c4e3c0a8", size = 285564, upload-time = "2026-04-27T12:23:08.555Z" },
    { url = "https://files.pythonhosted.org/packages/af/a6/046c0a28e21833e4086918218cfb3d8bed51c075a1b700f20b9d7861c0f4/greenlet-3.5.0-cp314-cp314-manylinux_2_24_aarch64.manylinux_2_28_aarch64.whl", hash = "sha256:55fa7ea52771be44af0de27d8b80c02cd18c2c3cddde6c847ecebdf72418b6a1", size = 651166, upload-time = "2026-04-27T12:52:43.644Z" },
    { url = "https://files.pythonhosted.org/packages/47/f8/4af27f71c5ff32a7fbc516adb46370d9c4ae2bc7bd3dc7d066ac542b4b15/greenlet-3.5.0-cp314-cp314-manylinux_2_24_ppc64le.manylinux_2_28_ppc64le.whl", hash = "sha256:a97e4821aa710603f94de0da25f25096454d78ffdace5dc77f3a006bc01abba3", size = 663792, upload-time = "2026-04-27T12:59:44.93Z" },
    { url = "https://files.pythonhosted.org/packages/fb/89/2dadb89793c37ee8b4c237857188293e9060dc085f19845c292e00f8e091/greenlet-3.5.0-cp314-cp314-manylinux_2_24_s390x.manylinux_2_28_s390x.whl", hash = "sha256:bf2d8a80bec89ab46221ae45c5373d5ba0bd36c19aa8508e85c6cd7e5106cd37", size = 668086, upload-time = "2026-04-27T13:02:42.314Z" },
    { url = "https://files.pythonhosted.org/packages/a3/59/1bd6d7428d6ed9106efbb8c52310c60fd04f6672490f452aeaa3829aa436/greenlet-3.5.0-cp314-cp314-manylinux_2_24_x86_64.manylinux_2_28_x86_64.whl", hash = "sha256:8f52a464e4ed91780bdfbbdd2b97197f3accaa629b98c200f4dffada759f3ae7", size = 660933, upload-time = "2026-04-27T12:25:33.276Z" },
    { url = "https://files.pythonhosted.org/packages/82/35/75722be7e26a2af4cbd2dc35b0ed382dacf9394b7e75551f76ed1abe87f2/greenlet-3.5.0-cp314-cp314-manylinux_2_39_riscv64.whl", hash = "sha256:1bae92a1dd94c5f9d9493c3a212dd874c202442047cf96446412c862feca83a2", size = 470799, upload-time = "2026-04-27T13:05:17.094Z" },
    { url = "https://files.pythonhosted.org/packages/83/e4/b903e5a5fae1e8a28cdd32a0cfbfd560b668c25b692f67768822ddc5f40f/greenlet-3.5.0-cp314-cp314-musllinux_1_2_aarch64.whl", hash = "sha256:762612baf1161ccb8437c0161c668a688223cba28e1bf038f4eb47b13e39ccdf", size = 1618401, upload-time = "2026-04-27T12:53:31.062Z" },
    { url = "https://files.pythonhosted.org/packages/0e/e3/5ec408a329acb854fb607a122e1ee5fb3ff649f9a97952948a90803c0d8e/greenlet-3.5.0-cp314-cp314-musllinux_1_2_x86_64.whl", hash = "sha256:57a43c6079a89713522bc4bcb9f75070ecf5d3dbad7792bfe42239362cbf2a16", size = 1682038, upload-time = "2026-04-27T12:25:31.838Z" },
    { url = "https://files.pythonhosted.org/packages/91/20/6b165108058767ee643c55c5c4904d591a830ee2b3c7dbd359828fbc829f/greenlet-3.5.0-cp314-cp314-win_amd64.whl", hash = "sha256:3bc59be3945ae9750b9e7d45067d01ae3fe90ea5f9ade99239dabdd6e28a5033", size = 239835, upload-time = "2026-04-27T12:24:54.136Z" },
    { url = "https://files.pythonhosted.org/packages/4e/62/1c498375cee177b55d980c1db319f26470e5309e54698c8f8fc06c0fd539/greenlet-3.5.0-cp314-cp314-win_arm64.whl", hash = "sha256:a96fcee45e03fe30a62669fd16ab5c9d3c172660d3085605cb1e2d1280d3c988", size = 236862, upload-time = "2026-04-27T12:23:24.957Z" },
    { url = "https://files.pythonhosted.org/packages/78/a8/4522939255bb5409af4e87132f915446bf3622c2c292d14d3c38d128ae82/greenlet-3.5.0-cp314-cp314t-macosx_11_0_universal2.whl", hash = "sha256:a10a732421ab4fec934783ce3e54763470d0181db6e3468f9103a275c3ed1853", size = 293614, upload-time = "2026-04-27T12:24:12.874Z" },
    { url = "https://files.pythonhosted.org/packages/15/5e/8744c52e2c027b5a8772a01561934c8835f869733e101f62075c60430340/greenlet-3.5.0-cp314-cp314t-manylinux_2_24_aarch64.manylinux_2_28_aarch64.whl", hash = "sha256:7fc391b1566f2907d17aaebe78f8855dc45675159a775fcf9e61f8ee0078e87f", size = 650723, upload-time = "2026-04-27T12:52:45.412Z" },
    { url = "https://files.pythonhosted.org/packages/00/ef/7b4c39c03cf46ceca512c5d3f914afd85aa30b2cc9a93015b0dd73e4be6c/greenlet-3.5.0-cp314-cp314t-manylinux_2_24_ppc64le.manylinux_2_28_ppc64le.whl", hash = "sha256:680bd0e7ad5e8daa8a4aa89f68fd6adc834b8a8036dc256533f7e08f4a4b01f7", size = 656529, upload-time = "2026-04-27T12:59:46.295Z" },
    { url = "https://files.pythonhosted.org/packages/5f/5c/0602239503b124b70e39355cbdb39361ecfe65b87a5f2f63752c32f5286f/greenlet-3.5.0-cp314-cp314t-manylinux_2_24_s390x.manylinux_2_28_s390x.whl", hash = "sha256:1aa4ce8debcd4ea7fb2e150f3036588c41493d1d52c43538924ae1819003f4ce", size = 657015, upload-time = "2026-04-27T13:02:43.973Z" },
    { url = "https://files.pythonhosted.org/packages/0b/b5/c7768f352f5c010f92064d0063f987e7dc0cd290a6d92a34109015ce4aa1/greenlet-3.5.0-cp314-cp314t-manylinux_2_24_x86_64.manylinux_2_28_x86_64.whl", hash = "sha256:ddb36c7d6c9c0a65f18c7258634e0c416c6ab59caac8c987b96f80c2ebda0112", size = 654364, upload-time = "2026-04-27T12:25:35.64Z" },
    { url = "https://files.pythonhosted.org/packages/38/51/8699f865f125dc952384cb432b0f7138aa4d8f2969a7d12d0df5b94d054d/greenlet-3.5.0-cp314-cp314t-manylinux_2_39_riscv64.whl", hash = "sha256:728a73687e39ae9ca34e4694cbf2f049d3fbc7174639468d0f67200a97d8f9e2", size = 488275, upload-time = "2026-04-27T13:05:18.28Z" },
    { url = "https://files.pythonhosted.org/packages/ef/d0/079ebe12e4b1fc758857ce5be1a5e73f06870f2101e52611d1e71925ce54/greenlet-3.5.0-cp314-cp314t-musllinux_1_2_aarch64.whl", hash = "sha256:e5ddf316ced87539144621453c3aef229575825fe60c604e62bedc4003f372b2", size = 1614204, upload-time = "2026-04-27T12:53:32.618Z" },
    { url = "https://files.pythonhosted.org/packages/6d/89/6c2fb63df3596552d20e58fb4d96669243388cf680cff222758812c7bfaa/greenlet-3.5.0-cp314-cp314t-musllinux_1_2_x86_64.whl", hash = "sha256:4a448128607be0de65342dc9b31be7f948ef4cc0bc8832069350abefd310a8f2", size = 1675480, upload-time = "2026-04-27T12:25:34.168Z" },
    { url = "https://files.pythonhosted.org/packages/15/32/77ee8a6c1564fc345a491a4e85b3bf360e4cf26eac98c4532d2fdb96e01f/greenlet-3.5.0-cp314-cp314t-win_amd64.whl", hash = "sha256:d60097128cb0a1cab9ea541186ea13cd7b847b8449a7787c2e2350da0cb82d86", size = 245324, upload-time = "2026-04-27T12:24:40.295Z" },
]

[[package]]
name = "h11"
version = "0.16.0"
source = { registry = "https://pypi.org/simple" }
sdist = { url = "https://files.pythonhosted.org/packages/01/ee/02a2c011bdab74c6fb3c75474d40b3052059d95df7e73351460c8588d963/h11-0.16.0.tar.gz", hash = "sha256:4e35b956cf45792e4caa5885e69fba00bdbc6ffafbfa020300e549b208ee5ff1", size = 101250, upload-time = "2025-04-24T03:35:25.427Z" }
wheels = [
    { url = "https://files.pythonhosted.org/packages/04/4b/29cac41a4d98d144bf5f6d33995617b185d14b22401f75ca86f384e87ff1/h11-0.16.0-py3-none-any.whl", hash = "sha256:63cf8bbe7522de3bf65932fda1d9c2772064ffb3dae62d55932da54b31cb6c86", size = 37515, upload-time = "2025-04-24T03:35:24.344Z" },
]

[[package]]
name = "httpcore"
version = "1.0.9"
source = { registry = "https://pypi.org/simple" }
dependencies = [
    { name = "certifi" },
    { name = "h11" },
]
sdist = { url = "https://files.pythonhosted.org/packages/06/94/82699a10bca87a5556c9c59b5963f2d039dbd239f25bc2a63907a05a14cb/httpcore-1.0.9.tar.gz", hash = "sha256:6e34463af53fd2ab5d807f399a9b45ea31c3dfa2276f15a2c3f00afff6e176e8", size = 85484, upload-time = "2025-04-24T22:06:22.219Z" }
wheels = [
    { url = "https://files.pythonhosted.org/packages/7e/f5/f66802a942d491edb555dd61e3a9961140fd64c90bce1eafd741609d334d/httpcore-1.0.9-py3-none-any.whl", hash = "sha256:2d400746a40668fc9dec9810239072b40b4484b640a8c38fd654a024c7a1bf55", size = 78784, upload-time = "2025-04-24T22:06:20.566Z" },
]

[[package]]
name = "httpx"
version = "0.28.1"
source = { registry = "https://pypi.org/simple" }
dependencies = [
    { name = "anyio" },
    { name = "certifi" },
    { name = "httpcore" },
    { name = "idna" },
]
sdist = { url = "https://files.pythonhosted.org/packages/b1/df/48c586a5fe32a0f01324ee087459e112ebb7224f646c0b5023f5e79e9956/httpx-0.28.1.tar.gz", hash = "sha256:75e98c5f16b0f35b567856f597f06ff2270a374470a5c2392242528e3e3e42fc", size = 141406, upload-time = "2024-12-06T15:37:23.222Z" }
wheels = [
    { url = "https://files.pythonhosted.org/packages/2a/39/e50c7c3a983047577ee07d2a9e53faf5a69493943ec3f6a384bdc792deb2/httpx-0.28.1-py3-none-any.whl", hash = "sha256:d909fcccc110f8c7faf814ca82a9a4d816bc5a6dbfea25d6591d6985b8ba59ad", size = 73517, upload-time = "2024-12-06T15:37:21.509Z" },
]

[[package]]
name = "idna"
version = "3.15"
source = { registry = "https://pypi.org/simple" }
sdist = { url = "https://files.pythonhosted.org/packages/82/77/7b3966d0b9d1d31a36ddf1746926a11dface89a83409bf1483f0237aa758/idna-3.15.tar.gz", hash = "sha256:ca962446ea538f7092a95e057da437618e886f4d349216d2b1e294abfdb65fdc", size = 199245, upload-time = "2026-05-12T22:45:57.011Z" }
wheels = [
    { url = "https://files.pythonhosted.org/packages/d2/23/408243171aa9aaba178d3e2559159c24c1171a641aa83b67bdd3394ead8e/idna-3.15-py3-none-any.whl", hash = "sha256:048adeaf8c2d788c40fee287673ccaa74c24ffd8dcf09ffa555a2fbb59f10ac8", size = 72340, upload-time = "2026-05-12T22:45:55.733Z" },
]

[[package]]
name = "iniconfig"
version = "2.3.0"
source = { registry = "https://pypi.org/simple" }
sdist = { url = "https://files.pythonhosted.org/packages/72/34/14ca021ce8e5dfedc35312d08ba8bf51fdd999c576889fc2c24cb97f4f10/iniconfig-2.3.0.tar.gz", hash = "sha256:c76315c77db068650d49c5b56314774a7804df16fee4402c1f19d6d15d8c4730", size = 20503, upload-time = "2025-10-18T21:55:43.219Z" }
wheels = [
    { url = "https://files.pythonhosted.org/packages/cb/b1/3846dd7f199d53cb17f49cba7e651e9ce294d8497c8c150530ed11865bb8/iniconfig-2.3.0-py3-none-any.whl", hash = "sha256:f631c04d2c48c52b84d0d0549c99ff3859c98df65b3101406327ecc7d53fbf12", size = 7484, upload-time = "2025-10-18T21:55:41.639Z" },
]

[[package]]
name = "packaging"
version = "26.2"
source = { registry = "https://pypi.org/simple" }
sdist = { url = "https://files.pythonhosted.org/packages/d7/f1/e7a6dd94a8d4a5626c03e4e99c87f241ba9e350cd9e6d75123f992427270/packaging-26.2.tar.gz", hash = "sha256:ff452ff5a3e828ce110190feff1178bb1f2ea2281fa2075aadb987c2fb221661", size = 228134, upload-time = "2026-04-24T20:15:23.917Z" }
wheels = [
    { url = "https://files.pythonhosted.org/packages/df/b2/87e62e8c3e2f4b32e5fe99e0b86d576da1312593b39f47d8ceef365e95ed/packaging-26.2-py3-none-any.whl", hash = "sha256:5fc45236b9446107ff2415ce77c807cee2862cb6fac22b8a73826d0693b0980e", size = 100195, upload-time = "2026-04-24T20:15:22.081Z" },
]

[[package]]
name = "playwright"
version = "1.59.0"
source = { registry = "https://pypi.org/simple" }
dependencies = [
    { name = "greenlet" },
    { name = "pyee" },
]
wheels = [
    { url = "https://files.pythonhosted.org/packages/5b/48/abab23f40643b4de8f2665816f0a1bf0994eeecda39d6d62f0f292b2ad01/playwright-1.59.0-py3-none-macosx_10_13_x86_64.whl", hash = "sha256:bfc6940100b57423175c819ce2422ec5880d55fa2769987f62ab7a1f5fe6783e", size = 43156922, upload-time = "2026-04-29T08:11:08.921Z" },
    { url = "https://files.pythonhosted.org/packages/08/71/5e4d98b2ce3641b4343623c6450ff33b9de1c979d12a957505e392338b07/playwright-1.59.0-py3-none-macosx_11_0_arm64.whl", hash = "sha256:af068143a0c045ec11608b67d6c42e58db7e9cf65a742dd21fddedc1a9802c47", size = 41947177, upload-time = "2026-04-29T08:11:12.867Z" },
    { url = "https://files.pythonhosted.org/packages/80/91/fd219aa78ca03d37e93aaedaed4e224131e3090a9264f9bb773c8271d67e/playwright-1.59.0-py3-none-macosx_11_0_universal2.whl", hash = "sha256:4a4a2d4842b0e4120de3fa48636e4b69085a05b81d8a35ad4353f530ade72ed6", size = 43156922, upload-time = "2026-04-29T08:11:16.595Z" },
    { url = "https://files.pythonhosted.org/packages/73/0c/1e513d37c5be07d12829ebce93dbfe7baee230084cb66966c423432799c4/playwright-1.59.0-py3-none-manylinux1_x86_64.whl", hash = "sha256:c5792aad9e22b91a09264b9edbc18553cf05ea5a39404d65dc19a012c6b2e51d", size = 47151793, upload-time = "2026-04-29T08:11:19.979Z" },
    { url = "https://files.pythonhosted.org/packages/a3/2d/15f72288cb65d690134e18fefb9483cc4976f7579b580648c45e494481a7/playwright-1.59.0-py3-none-manylinux_2_17_aarch64.manylinux2014_aarch64.whl", hash = "sha256:8c881a19377d2b900af855fb525b5f22a27bf3cfbecba6d1edb36766d56cb100", size = 46877615, upload-time = "2026-04-29T08:11:23.863Z" },
    { url = "https://files.pythonhosted.org/packages/72/a1/717ac5bc99f387c0f60def91271ea4262125c0815d764a5d1776a272275c/playwright-1.59.0-py3-none-win32.whl", hash = "sha256:6989c476be2b9cd3e24a18cc9dcf202e266fb3d91e3e5395cd668c54ea54b119", size = 37713698, upload-time = "2026-04-29T08:11:27.251Z" },
    { url = "https://files.pythonhosted.org/packages/0f/a5/4e630ee05d8b46b840f943268e86d6063703e8dadb2d3eb405c7b9b2e48c/playwright-1.59.0-py3-none-win_amd64.whl", hash = "sha256:d5a5cc064b82ca92996080025710844e417f44df8fda9001102c28f44174171c", size = 37713704, upload-time = "2026-04-29T08:11:30.41Z" },
    { url = "https://files.pythonhosted.org/packages/eb/0c/3ece41761ba13c8321009aefcaec7a016eb42799c42eef5e03ace7f2de5b/playwright-1.59.0-py3-none-win_arm64.whl", hash = "sha256:93581ad515728cadc8af39b288a5633ba6d36e7d72048e79d890ce01ea2156f9", size = 33956745, upload-time = "2026-04-29T08:11:34.738Z" },
]

[[package]]
name = "pluggy"
version = "1.6.0"
source = { registry = "https://pypi.org/simple" }
sdist = { url = "https://files.pythonhosted.org/packages/f9/e2/3e91f31a7d2b083fe6ef3fa267035b518369d9511ffab804f839851d2779/pluggy-1.6.0.tar.gz", hash = "sha256:7dcc130b76258d33b90f61b658791dede3486c3e6bfb003ee5c9bfb396dd22f3", size = 69412, upload-time = "2025-05-15T12:30:07.975Z" }
wheels = [
    { url = "https://files.pythonhosted.org/packages/54/20/4d324d65cc6d9205fabedc306948156824eb9f0ee1633355a8f7ec5c66bf/pluggy-1.6.0-py3-none-any.whl", hash = "sha256:e920276dd6813095e9377c0bc5566d94c932c33b27a3e3945d8389c374dd4746", size = 20538, upload-time = "2025-05-15T12:30:06.134Z" },
]

[[package]]
name = "pyee"
version = "13.0.1"
source = { registry = "https://pypi.org/simple" }
dependencies = [
    { name = "typing-extensions" },
]
sdist = { url = "https://files.pythonhosted.org/packages/8b/04/e7c1fe4dc78a6fdbfd6c337b1c3732ff543b8a397683ab38378447baa331/pyee-13.0.1.tar.gz", hash = "sha256:0b931f7c14535667ed4c7e0d531716368715e860b988770fc7eb8578d1f67fc8", size = 31655, upload-time = "2026-02-14T21:12:28.044Z" }
wheels = [
    { url = "https://files.pythonhosted.org/packages/a0/c4/b4d4827c93ef43c01f599ef31453ccc1c132b353284fc6c87d535c233129/pyee-13.0.1-py3-none-any.whl", hash = "sha256:af2f8fede4171ef667dfded53f96e2ed0d6e6bd7ee3bb46437f77e3b57689228", size = 15659, upload-time = "2026-02-14T21:12:26.263Z" },
]

[[package]]
name = "pygments"
version = "2.20.0"
source = { registry = "https://pypi.org/simple" }
sdist = { url = "https://files.pythonhosted.org/packages/c3/b2/bc9c9196916376152d655522fdcebac55e66de6603a76a02bca1b6414f6c/pygments-2.20.0.tar.gz", hash = "sha256:6757cd03768053ff99f3039c1a36d6c0aa0b263438fcab17520b30a303a82b5f", size = 4955991, upload-time = "2026-03-29T13:29:33.898Z" }
wheels = [
    { url = "https://files.pythonhosted.org/packages/f4/7e/a72dd26f3b0f4f2bf1dd8923c85f7ceb43172af56d63c7383eb62b332364/pygments-2.20.0-py3-none-any.whl", hash = "sha256:81a9e26dd42fd28a23a2d169d86d7ac03b46e2f8b59ed4698fb4785f946d0176", size = 1231151, upload-time = "2026-03-29T13:29:30.038Z" },
]

[[package]]
name = "pytest"
version = "9.0.3"
source = { registry = "https://pypi.org/simple" }
dependencies = [
    { name = "colorama", marker = "sys_platform == 'win32'" },
    { name = "iniconfig" },
    { name = "packaging" },
    { name = "pluggy" },
    { name = "pygments" },
]
sdist = { url = "https://files.pythonhosted.org/packages/7d/0d/549bd94f1a0a402dc8cf64563a117c0f3765662e2e668477624baeec44d5/pytest-9.0.3.tar.gz", hash = "sha256:b86ada508af81d19edeb213c681b1d48246c1a91d304c6c81a427674c17eb91c", size = 1572165, upload-time = "2026-04-07T17:16:18.027Z" }
wheels = [
    { url = "https://files.pythonhosted.org/packages/d4/24/a372aaf5c9b7208e7112038812994107bc65a84cd00e0354a88c2c77a617/pytest-9.0.3-py3-none-any.whl", hash = "sha256:2c5efc453d45394fdd706ade797c0a81091eccd1d6e4bccfcd476e2b8e0ab5d9", size = 375249, upload-time = "2026-04-07T17:16:16.13Z" },
]

[[package]]
name = "pytest-asyncio"
version = "1.3.0"
source = { registry = "https://pypi.org/simple" }
dependencies = [
    { name = "pytest" },
]
sdist = { url = "https://files.pythonhosted.org/packages/90/2c/8af215c0f776415f3590cac4f9086ccefd6fd463befeae41cd4d3f193e5a/pytest_asyncio-1.3.0.tar.gz", hash = "sha256:d7f52f36d231b80ee124cd216ffb19369aa168fc10095013c6b014a34d3ee9e5", size = 50087, upload-time = "2025-11-10T16:07:47.256Z" }
wheels = [
    { url = "https://files.pythonhosted.org/packages/e5/35/f8b19922b6a25bc0880171a2f1a003eaeb93657475193ab516fd87cac9da/pytest_asyncio-1.3.0-py3-none-any.whl", hash = "sha256:611e26147c7f77640e6d0a92a38ed17c3e9848063698d5c93d5aa7aa11cebff5", size = 15075, upload-time = "2025-11-10T16:07:45.537Z" },
]

[[package]]
name = "ruff"
version = "0.15.13"
source = { registry = "https://pypi.org/simple" }
sdist = { url = "https://files.pythonhosted.org/packages/24/21/a7d5c126d5b557715ef81098f3db2fe20f622a039ff2e626af28d674ab80/ruff-0.15.13.tar.gz", hash = "sha256:f9d89f17f7ba7fb2ed42921f0df75da797a9a5d71bc39049e2c687cf2baf44b7", size = 4678180, upload-time = "2026-05-14T13:44:37.869Z" }
wheels = [
    { url = "https://files.pythonhosted.org/packages/c6/61/11d458dc6ac22504fd8e237b29dfd40504c7fbbcc8930402cfe51a8e63ed/ruff-0.15.13-py3-none-linux_armv6l.whl", hash = "sha256:444b580fc72fd6887e650acd3e575e18cdc79dbcf42fb4030b491057921f61f8", size = 10738279, upload-time = "2026-05-14T13:44:18.7Z" },
    { url = "https://files.pythonhosted.org/packages/86/ca/caa871ee7be718c45256fada4e16a218ee3e33f0c4a46b729a60a24912e6/ruff-0.15.13-py3-none-macosx_10_12_x86_64.whl", hash = "sha256:6590d009e7cb7ebf36f83dbdd44a3fa48a0994ff6f1cdc1b08006abe58f98dc7", size = 11124798, upload-time = "2026-05-14T13:44:06.427Z" },
    { url = "https://files.pythonhosted.org/packages/d3/19/43f5f2e568dddde567fc41f8471f9432c09563e19d3e617a48cfa52f8f0a/ruff-0.15.13-py3-none-macosx_11_0_arm64.whl", hash = "sha256:1c26d2f66163deeb6e08d8b39fbbe983ce3c71cea06a6d7591cfd1421793c629", size = 10460761, upload-time = "2026-05-14T13:44:04.375Z" },
    { url = "https://files.pythonhosted.org/packages/99/df/cf938cd6de3003178f03ad7c1ea2a6c099468c03a35037985070b37e76be/ruff-0.15.13-py3-none-manylinux_2_17_aarch64.manylinux2014_aarch64.whl", hash = "sha256:9dbd6f94b434f896308e4d57fb7bfde0d02b99f7a64b3bdab0fdfa6a864203a5", size = 10804451, upload-time = "2026-05-14T13:44:25.221Z" },
    { url = "https://files.pythonhosted.org/packages/c7/7d/5d0973129b154ded2225729169d7068f26b467760b146493fde138415f23/ruff-0.15.13-py3-none-manylinux_2_17_armv7l.manylinux2014_armv7l.whl", hash = "sha256:bf3259f3be4d181bda591da5db2571aed6853c6a048157756448020bc6c5cd22", size = 10534285, upload-time = "2026-05-14T13:44:08.888Z" },
    { url = "https://files.pythonhosted.org/packages/1f/e3/6b999bbc66cd51e5f073842bc2a3995e99c5e0e72e16b15e7261f7abf57a/ruff-0.15.13-py3-none-manylinux_2_17_i686.manylinux2014_i686.whl", hash = "sha256:ae9c17e5eb4430c154e76abc25d79a318190f5a997f38fb6b114416c5319ffc9", size = 11312063, upload-time = "2026-05-14T13:44:11.274Z" },
    { url = "https://files.pythonhosted.org/packages/af/5a/642639e9f5db04f1e97fbd6e091c6fd20725bdf072fb114d00eefb9e6eb8/ruff-0.15.13-py3-none-manylinux_2_17_ppc64le.manylinux2014_ppc64le.whl", hash = "sha256:2e2e39bff6c341f4b577a21b801326fab0b11847f48fcaa83f00a113c9b3cb55", size = 12183079, upload-time = "2026-05-14T13:44:01.634Z" },
    { url = "https://files.pythonhosted.org/packages/19/4c/7585735f6b53b0f12de13618b2f7d250a844f018822efc899df2e7b8295f/ruff-0.15.13-py3-none-manylinux_2_17_s390x.manylinux2014_s390x.whl", hash = "sha256:e8d9a8e08013542e94d3220bc5b62cc3e5ef87c5f74bff367d3fac14fab013e6", size = 11440833, upload-time = "2026-05-14T13:43:59.043Z" },
    { url = "https://files.pythonhosted.org/packages/e8/31/bf1a0803d077e679cfeee5f2f67290a0fa79c7385b5d9a8c17b9db2c48f0/ruff-0.15.13-py3-none-manylinux_2_17_x86_64.manylinux2014_x86_64.whl", hash = "sha256:cc411dfebe5eebe55ce041c6ae080eb7668955e866daa2fbb16692a784f1c4ca", size = 11434486, upload-time = "2026-05-14T13:44:27.761Z" },
    { url = "https://files.pythonhosted.org/packages/e1/4e/62c9b999875d4f14db80f277c030578f5e249c9852d65b7ac7ad0b43c041/ruff-0.15.13-py3-none-manylinux_2_31_riscv64.whl", hash = "sha256:768494eb08b9cee54e2fd27969966f74db5a57f6eaa7a90fcb3306af34dfc4bd", size = 11385189, upload-time = "2026-05-14T13:44:13.704Z" },
    { url = "https://files.pythonhosted.org/packages/fc/89/7e959047a104df3eb12863447c110140191fc5b6c4f379ea2e803fcdb0e4/ruff-0.15.13-py3-none-musllinux_1_2_aarch64.whl", hash = "sha256:fb75f9a3a7e42ffe117d734494e6c5e5cb3565d66e12612cb63d0e572a41a5b6", size = 10781380, upload-time = "2026-05-14T13:43:56.734Z" },
    { url = "https://files.pythonhosted.org/packages/ff/52/5fd18f3b88cab63e88aa11516b3b4e1e5f720e5c330f8dbe5c26210f41f8/ruff-0.15.13-py3-none-musllinux_1_2_armv7l.whl", hash = "sha256:8cb74dd33bb2f6613faf7fc03b660053b5ac4f80e706d5788c6335e2a8048d51", size = 10540605, upload-time = "2026-05-14T13:44:20.748Z" },
    { url = "https://files.pythonhosted.org/packages/e8/e0/9e35f338990d3e41a82875ff7053ffe97541dae81c9d02143177f381d572/ruff-0.15.13-py3-none-musllinux_1_2_i686.whl", hash = "sha256:7ef823f817fcd191dc934e984be9cf4094f808effa16f2542ad8e821ba02bbf2", size = 11036554, upload-time = "2026-05-14T13:44:16.256Z" },
    { url = "https://files.pythonhosted.org/packages/c2/13/070fb048c24080fba188f66371e2a92785be257ad02242066dc7255ac6e9/ruff-0.15.13-py3-none-musllinux_1_2_x86_64.whl", hash = "sha256:f345a13937bd7f09f6f5d19fa0721b0c103e00e7f62bc67089a8e5e037719e0b", size = 11528133, upload-time = "2026-05-14T13:44:22.808Z" },
    { url = "https://files.pythonhosted.org/packages/6b/8c/b1e1666aef7fc6555094d73ae6cd981701781ae85b97ceefc0eebd0b4668/ruff-0.15.13-py3-none-win32.whl", hash = "sha256:4044f94208b3b05ba0fc4a4abd0558cf4d6459bd18325eead7fd8cc66f909b41", size = 10721455, upload-time = "2026-05-14T13:44:35.697Z" },
    { url = "https://files.pythonhosted.org/packages/ab/a6/870a3e8a50590bb92be184ad928c2922f088b00d9dc5c5ec7b924ee08c22/ruff-0.15.13-py3-none-win_amd64.whl", hash = "sha256:7064884d442b7d477b4e7473d12da7f08851d2b1982763c5d3f388a19468a1a4", size = 11900409, upload-time = "2026-05-14T13:44:30.389Z" },
    { url = "https://files.pythonhosted.org/packages/9b/36/9c015cd052fca743dae8cb2aeb16b551444787467db42ceab0fc968865af/ruff-0.15.13-py3-none-win_arm64.whl", hash = "sha256:2471da9bd1068c8c064b5fd9c0c4b6dddffd6369cb1cd68b29993b1709ff1b21", size = 11179336, upload-time = "2026-05-14T13:44:33.026Z" },
]

[[package]]
name = "sibyl-e2e"
version = "0.1.0"
source = { editable = "." }

[package.optional-dependencies]
browser = [
    { name = "playwright" },
]

[package.dev-dependencies]
dev = [
    { name = "httpx" },
    { name = "playwright" },
    { name = "pytest" },
    { name = "pytest-asyncio" },
    { name = "ruff" },
]

[package.metadata]
requires-dist = [{ name = "playwright", marker = "extra == 'browser'", specifier = ">=1.40" }]
provides-extras = ["browser"]

[package.metadata.requires-dev]
dev = [
    { name = "httpx" },
    { name = "playwright" },
    { name = "pytest" },
    { name = "pytest-asyncio" },
    { name = "ruff" },
]

[[package]]
name = "typing-extensions"
version = "4.15.0"
source = { registry = "https://pypi.org/simple" }
sdist = { url = "https://files.pythonhosted.org/packages/72/94/1a15dd82efb362ac84269196e94cf00f187f7ed21c242792a923cdb1c61f/typing_extensions-4.15.0.tar.gz", hash = "sha256:0cea48d173cc12fa28ecabc3b837ea3cf6f38c6d1136f85cbaaf598984861466", size = 109391, upload-time = "2025-08-25T13:49:26.313Z" }
wheels = [
    { url = "https://files.pythonhosted.org/packages/18/67/36e9267722cc04a6b9f15c7f3441c2363321a3ea07da7ae0c0707beb2a9c/typing_extensions-4.15.0-py3-none-any.whl", hash = "sha256:f0fa19c6845758ab08074a0cfa8b7aecb71c999ca73d62883bc25cc018c4e548", size = 44614, upload-time = "2025-08-25T13:49:24.86Z" },
]
