version = 1
revision = 3
requires-python = ">=3.11"

[[package]]
name = "ruff"
version = "0.15.13"
source = { registry = "https://pypi.org/simple" }
sdist = { url = "https://files.pythonhosted.org/packages/24/21/a7d5c126d5b557715ef81098f3db2fe20f622a039ff2e626af28d674ab80/ruff-0.15.13.tar.gz", hash = "sha256:f9d89f17f7ba7fb2ed42921f0df75da797a9a5d71bc39049e2c687cf2baf44b7", size = 4678180, upload-time = "2026-05-14T13:44:37.869Z" }
wheels = [
    { url = "https://files.pythonhosted.org/packages/c6/61/11d458dc6ac22504fd8e237b29dfd40504c7fbbcc8930402cfe51a8e63ed/ruff-0.15.13-py3-none-linux_armv6l.whl", hash = "sha256:444b580fc72fd6887e650acd3e575e18cdc79dbcf42fb4030b491057921f61f8", size = 10738279, upload-time = "2026-05-14T13:44:18.7Z" },
    { url = "https://files.pythonhosted.org/packages/86/ca/caa871ee7be718c45256fada4e16a218ee3e33f0c4a46b729a60a24912e6/ruff-0.15.13-py3-none-macosx_10_12_x86_64.whl", hash = "sha256:6590d009e7cb7ebf36f83dbdd44a3fa48a0994ff6f1cdc1b08006abe58f98dc7", size = 11124798, upload-time = "2026-05-14T13:44:06.427Z" },
    { url = "https://files.pythonhosted.org/packages/d3/19/43f5f2e568dddde567fc41f8471f9432c09563e19d3e617a48cfa52f8f0a/ruff-0.15.13-py3-none-macosx_11_0_arm64.whl", hash = "sha256:1c26d2f66163deeb6e08d8b39fbbe983ce3c71cea06a6d7591cfd1421793c629", size = 10460761, upload-time = "2026-05-14T13:44:04.375Z" },
    { url = "https://files.pythonhosted.org/packages/99/df/cf938cd6de3003178f03ad7c1ea2a6c099468c03a35037985070b37e76be/ruff-0.15.13-py3-none-manylinux_2_17_aarch64.manylinux2014_aarch64.whl", hash = "sha256:9dbd6f94b434f896308e4d57fb7bfde0d02b99f7a64b3bdab0fdfa6a864203a5", size = 10804451, upload-time = "2026-05-14T13:44:25.221Z" },
    { url = "https://files.pythonhosted.org/packages/c7/7d/5d0973129b154ded2225729169d7068f26b467760b146493fde138415f23/ruff-0.15.13-py3-none-manylinux_2_17_armv7l.manylinux2014_armv7l.whl", hash = "sha256:bf3259f3be4d181bda591da5db2571aed6853c6a048157756448020bc6c5cd22", size = 10534285, upload-time = "2026-05-14T13:44:08.888Z" },
    { url = "https://files.pythonhosted.org/packages/1f/e3/6b999bbc66cd51e5f073842bc2a3995e99c5e0e72e16b15e7261f7abf57a/ruff-0.15.13-py3-none-manylinux_2_17_i686.manylinux2014_i686.whl", hash = "sha256:ae9c17e5eb4430c154e76abc25d79a318190f5a997f38fb6b114416c5319ffc9", size = 11312063, upload-time = "2026-05-14T13:44:11.274Z" },
    { url = "https://files.pythonhosted.org/packages/af/5a/642639e9f5db04f1e97fbd6e091c6fd20725bdf072fb114d00eefb9e6eb8/ruff-0.15.13-py3-none-manylinux_2_17_ppc64le.manylinux2014_ppc64le.whl", hash = "sha256:2e2e39bff6c341f4b577a21b801326fab0b11847f48fcaa83f00a113c9b3cb55", size = 12183079, upload-time = "2026-05-14T13:44:01.634Z" },
    { url = "https://files.pythonhosted.org/packages/19/4c/7585735f6b53b0f12de13618b2f7d250a844f018822efc899df2e7b8295f/ruff-0.15.13-py3-none-manylinux_2_17_s390x.manylinux2014_s390x.whl", hash = "sha256:e8d9a8e08013542e94d3220bc5b62cc3e5ef87c5f74bff367d3fac14fab013e6", size = 11440833, upload-time = "2026-05-14T13:43:59.043Z" },
    { url = "https://files.pythonhosted.org/packages/e8/31/bf1a0803d077e679cfeee5f2f67290a0fa79c7385b5d9a8c17b9db2c48f0/ruff-0.15.13-py3-none-manylinux_2_17_x86_64.manylinux2014_x86_64.whl", hash = "sha256:cc411dfebe5eebe55ce041c6ae080eb7668955e866daa2fbb16692a784f1c4ca", size = 11434486, upload-time = "2026-05-14T13:44:27.761Z" },
    { url = "https://files.pythonhosted.org/packages/e1/4e/62c9b999875d4f14db80f277c030578f5e249c9852d65b7ac7ad0b43c041/ruff-0.15.13-py3-none-manylinux_2_31_riscv64.whl", hash = "sha256:768494eb08b9cee54e2fd27969966f74db5a57f6eaa7a90fcb3306af34dfc4bd", size = 11385189, upload-time = "2026-05-14T13:44:13.704Z" },
    { url = "https://files.pythonhosted.org/packages/fc/89/7e959047a104df3eb12863447c110140191fc5b6c4f379ea2e803fcdb0e4/ruff-0.15.13-py3-none-musllinux_1_2_aarch64.whl", hash = "sha256:fb75f9a3a7e42ffe117d734494e6c5e5cb3565d66e12612cb63d0e572a41a5b6", size = 10781380, upload-time = "2026-05-14T13:43:56.734Z" },
    { url = "https://files.pythonhosted.org/packages/ff/52/5fd18f3b88cab63e88aa11516b3b4e1e5f720e5c330f8dbe5c26210f41f8/ruff-0.15.13-py3-none-musllinux_1_2_armv7l.whl", hash = "sha256:8cb74dd33bb2f6613faf7fc03b660053b5ac4f80e706d5788c6335e2a8048d51", size = 10540605, upload-time = "2026-05-14T13:44:20.748Z" },
    { url = "https://files.pythonhosted.org/packages/e8/e0/9e35f338990d3e41a82875ff7053ffe97541dae81c9d02143177f381d572/ruff-0.15.13-py3-none-musllinux_1_2_i686.whl", hash = "sha256:7ef823f817fcd191dc934e984be9cf4094f808effa16f2542ad8e821ba02bbf2", size = 11036554, upload-time = "2026-05-14T13:44:16.256Z" },
    { url = "https://files.pythonhosted.org/packages/c2/13/070fb048c24080fba188f66371e2a92785be257ad02242066dc7255ac6e9/ruff-0.15.13-py3-none-musllinux_1_2_x86_64.whl", hash = "sha256:f345a13937bd7f09f6f5d19fa0721b0c103e00e7f62bc67089a8e5e037719e0b", size = 11528133, upload-time = "2026-05-14T13:44:22.808Z" },
    { url = "https://files.pythonhosted.org/packages/6b/8c/b1e1666aef7fc6555094d73ae6cd981701781ae85b97ceefc0eebd0b4668/ruff-0.15.13-py3-none-win32.whl", hash = "sha256:4044f94208b3b05ba0fc4a4abd0558cf4d6459bd18325eead7fd8cc66f909b41", size = 10721455, upload-time = "2026-05-14T13:44:35.697Z" },
    { url = "https://files.pythonhosted.org/packages/ab/a6/870a3e8a50590bb92be184ad928c2922f088b00d9dc5c5ec7b924ee08c22/ruff-0.15.13-py3-none-win_amd64.whl", hash = "sha256:7064884d442b7d477b4e7473d12da7f08851d2b1982763c5d3f388a19468a1a4", size = 11900409, upload-time = "2026-05-14T13:44:30.389Z" },
    { url = "https://files.pythonhosted.org/packages/9b/36/9c015cd052fca743dae8cb2aeb16b551444787467db42ceab0fc968865af/ruff-0.15.13-py3-none-win_arm64.whl", hash = "sha256:2471da9bd1068c8c064b5fd9c0c4b6dddffd6369cb1cd68b29993b1709ff1b21", size = 11179336, upload-time = "2026-05-14T13:44:33.026Z" },
]

[[package]]
name = "sibyl-hooks"
version = "0.1.0"
source = { virtual = "." }

[package.dev-dependencies]
dev = [
    { name = "ruff" },
    { name = "ty" },
]

[package.metadata]

[package.metadata.requires-dev]
dev = [
    { name = "ruff", specifier = ">=0.9" },
    { name = "ty", specifier = ">=0.0.13" },
]

[[package]]
name = "ty"
version = "0.0.36"
source = { registry = "https://pypi.org/simple" }
sdist = { url = "https://files.pythonhosted.org/packages/14/bf/4baa1533937246861afcf27a84a3bbf1a536729fc40fdbbf6c99c4218dac/ty-0.0.36.tar.gz", hash = "sha256:0350a4edc956f165ab1d1c92db3b74526fcaae16921095b63c3c6a8be313b2ff", size = 5643311, upload-time = "2026-05-15T10:19:37.359Z" }
wheels = [
    { url = "https://files.pythonhosted.org/packages/bf/08/83e6f1a8aad5fef237373c020628e3703b2a79cae134df7ae74a074b23ca/ty-0.0.36-py3-none-linux_armv6l.whl", hash = "sha256:c70fae86e68717969101ee4da11e2077efd55ea3ac4e1478b9dccf600d561086", size = 11236491, upload-time = "2026-05-15T10:19:51.863Z" },
    { url = "https://files.pythonhosted.org/packages/05/08/39fc4f4acf4430a1a2bd5f1698ac28a6d39e4c93b0e363b6ee19b5e0f5f4/ty-0.0.36-py3-none-macosx_10_12_x86_64.whl", hash = "sha256:543410bc78f38d351a388c29c6e7e0a646decdf0e8fb6b47496056030efab76f", size = 10984361, upload-time = "2026-05-15T10:19:20.755Z" },
    { url = "https://files.pythonhosted.org/packages/87/f3/92d2bc59922c0ae6baa7476a815dbfe216f7a7f8ff3a801012a330acdbe3/ty-0.0.36-py3-none-macosx_11_0_arm64.whl", hash = "sha256:a9f568ca71245f198278be8a73c30b87194277e3c8f328bb053e68399dd8dc91", size = 10423126, upload-time = "2026-05-15T10:19:45.722Z" },
    { url = "https://files.pythonhosted.org/packages/be/b2/f03701dbb5513b833680d7fd845e7e521bf8ae290eae465175049263b989/ty-0.0.36-py3-none-manylinux_2_17_aarch64.manylinux2014_aarch64.whl", hash = "sha256:4f951b2845f39a12624f3beececc3063a12ce1212c11916d3557e7e78998c9d2", size = 10943043, upload-time = "2026-05-15T10:19:23.708Z" },
    { url = "https://files.pythonhosted.org/packages/7f/32/5a186144fa4fbdace1f263047d58e2c89ac828cee4b5dda2b7dbb3496ad3/ty-0.0.36-py3-none-manylinux_2_17_armv7l.manylinux2014_armv7l.whl", hash = "sha256:45952006bf810deb25e1c4dfe9977a3cb8e9e675b2b491a6fd46717210a4a970", size = 11020866, upload-time = "2026-05-15T10:19:39.882Z" },
    { url = "https://files.pythonhosted.org/packages/a1/0f/a8f6e63eaf0c3445b076f2bf07f97440ac548db06bb892097b22351e26df/ty-0.0.36-py3-none-manylinux_2_17_i686.manylinux2014_i686.whl", hash = "sha256:7e0d7d7c14f789e66fb0296c6c1facf07e519ff5d6d0250ffc3d54479f50cf88", size = 11507375, upload-time = "2026-05-15T10:19:54.95Z" },
    { url = "https://files.pythonhosted.org/packages/c4/e2/0556e4253c285d2166037e009f50f82799f93c56ceb1c574a40da851333c/ty-0.0.36-py3-none-manylinux_2_17_ppc64le.manylinux2014_ppc64le.whl", hash = "sha256:4873e1ae8d99c67296d7908c1be70da0f6a644746751c619b49cebeff0816509", size = 12043426, upload-time = "2026-05-15T10:19:26.254Z" },
    { url = "https://files.pythonhosted.org/packages/37/0b/915d9c41ac95ab753b78b96779b94a7fe846d5715182b96d4b06c14e5910/ty-0.0.36-py3-none-manylinux_2_17_s390x.manylinux2014_s390x.whl", hash = "sha256:0e376cb976e9a8a4a5900f6e322ea4c8ac1dad0a6a8c9a10d5b15e87b8cf3f88", size = 11676680, upload-time = "2026-05-15T10:19:57.711Z" },
    { url = "https://files.pythonhosted.org/packages/b9/ee/c356541929121004aeecc2e72d4e53185d59413d78a37f27eff83292369e/ty-0.0.36-py3-none-manylinux_2_17_x86_64.manylinux2014_x86_64.whl", hash = "sha256:a002bbcc8ea6dd34b79463ae147f36e5c46ed9676767c0bc307a48e92e5e5dac", size = 11594362, upload-time = "2026-05-15T10:19:18.184Z" },
    { url = "https://files.pythonhosted.org/packages/4c/6b/aba45733431791fb7dadbb44550bbb3bdc909f7c551538d8a804639c5f4c/ty-0.0.36-py3-none-manylinux_2_31_riscv64.whl", hash = "sha256:a489fe80d42cd23c06ac8304bcbf07712f976655ca1a0e6b05040b53ccdc252b", size = 11749166, upload-time = "2026-05-15T10:19:34.969Z" },
    { url = "https://files.pythonhosted.org/packages/28/32/9a5bd2d6512ee0b4496df36521162c142f0fec8f6c33889a0bbbfe8b91f7/ty-0.0.36-py3-none-musllinux_1_2_aarch64.whl", hash = "sha256:4a19d1ca362c8c2ea85dccb39d314aaa560cec77f618fcfc6d2e056253ca552b", size = 10923862, upload-time = "2026-05-15T10:19:31.9Z" },
    { url = "https://files.pythonhosted.org/packages/36/f1/cbaf5a560c13d25842685d32afecedc193f8c9e6f7f8f03974616eb3361f/ty-0.0.36-py3-none-musllinux_1_2_armv7l.whl", hash = "sha256:0ea83a24b4a5cf1c0421c436569e70648073a20eb9d31af3ae434dde28070cb2", size = 11057070, upload-time = "2026-05-15T10:20:00.293Z" },
    { url = "https://files.pythonhosted.org/packages/59/5e/6c40145836825144600d3378cd6d6d2287ad3c079c86ceeedc4c35093394/ty-0.0.36-py3-none-musllinux_1_2_i686.whl", hash = "sha256:642421a4c56ea1a403e706dc22d0206bd5a76b08fca702ed7c7f43664b586569", size = 11184165, upload-time = "2026-05-15T10:19:29.036Z" },
    { url = "https://files.pythonhosted.org/packages/0e/5f/e9ea4193c9b01da05691064f38bcb107460c92055266dd43f8d457e82305/ty-0.0.36-py3-none-musllinux_1_2_x86_64.whl", hash = "sha256:248f933e58d3295a54438c08e8289ae782aa12c96c2d10adcaef77f973ab536d", size = 11688416, upload-time = "2026-05-15T10:19:12.083Z" },
    { url = "https://files.pythonhosted.org/packages/b5/13/576a6ec0226388d457e2ffd677485d8f532d8c852f2d8b6278c4d82813d7/ty-0.0.36-py3-none-win32.whl", hash = "sha256:0c5c806444904bb66506ea6811a751caa93860838d01210fad7f9100370c4ce9", size = 10503333, upload-time = "2026-05-15T10:19:48.825Z" },
    { url = "https://files.pythonhosted.org/packages/8a/ba/e0b42be5920f56f49b1d6b5f77fd0668e4a5c94f63402bcdc3ee53511a11/ty-0.0.36-py3-none-win_amd64.whl", hash = "sha256:79d4adf8e4ffe12b3adc822874bce963993f0de904ddb5daa9599f38e53d602a", size = 11574185, upload-time = "2026-05-15T10:19:15.177Z" },
    { url = "https://files.pythonhosted.org/packages/f8/77/42de5de13d5e473c5fb4667cb2cc1efa5d3c07df4a43d11ca4a6d6c62223/ty-0.0.36-py3-none-win_arm64.whl", hash = "sha256:a392731f68a5eff66346fdcb831d370d5e3c49aabae805081b4b70c0b6a3093b", size = 10939643, upload-time = "2026-05-15T10:19:42.593Z" },
]
